// !$*UTF8*$!
{
	archiveVersion = 1;
	classes = {
	};
	objectVersion = 46;
	objects = {

/* Begin PBXBuildFile section */
		E78FED331B2393CD003AA4EB /* Main.storyboard in Resources */ = {isa = PBXBuildFile; fileRef = E78FED1A1B2393CD003AA4EB /* Main.storyboard */; };
		E78FED341B2393CD003AA4EB /* Note.m in Sources */ = {isa = PBXBuildFile; fileRef = E78FED1D1B2393CD003AA4EB /* Note.m */; };
		E78FED371B2393CD003AA4EB /* NoteSvcCache.m in Sources */ = {isa = PBXBuildFile; fileRef = E78FED241B2393CD003AA4EB /* NoteSvcCache.m */; };
		E78FED391B2393CD003AA4EB /* NotesViewController.m in Sources */ = {isa = PBXBuildFile; fileRef = E78FED281B2393CD003AA4EB /* NotesViewController.m */; };
		E78FED3B1B2393CD003AA4EB /* Images.xcassets in Resources */ = {isa = PBXBuildFile; fileRef = E78FED2B1B2393CD003AA4EB /* Images.xcassets */; };
		E78FED3D1B2393CD003AA4EB /* MasterAppDelegate.m in Sources */ = {isa = PBXBuildFile; fileRef = E78FED2E1B2393CD003AA4EB /* MasterAppDelegate.m */; };
		E78FED3E1B2393CD003AA4EB /* MasterDetailViewController.m in Sources */ = {isa = PBXBuildFile; fileRef = E78FED301B2393CD003AA4EB /* MasterDetailViewController.m */; };
		E78FED3F1B2393CD003AA4EB /* MasterMasterViewController.m in Sources */ = {isa = PBXBuildFile; fileRef = E78FED321B2393CD003AA4EB /* MasterMasterViewController.m */; };
		E78FED461B23962F003AA4EB /* NoteToSelf_cdilly-Info.plist in Resources */ = {isa = PBXBuildFile; fileRef = E78FED451B23962F003AA4EB /* NoteToSelf_cdilly-Info.plist */; };
		E78FED481B23965D003AA4EB /* main.m in Sources */ = {isa = PBXBuildFile; fileRef = E78FED471B23965D003AA4EB /* main.m */; };
		E78FED591B239D10003AA4EB /* InfoPlist.strings in Resources */ = {isa = PBXBuildFile; fileRef = E78FED551B239BE2003AA4EB /* InfoPlist.strings */; };
		E78FED631B23A145003AA4EB /* NoteToSelf_cdillyTests-Info.plist in Resources */ = {isa = PBXBuildFile; fileRef = E78FED621B23A145003AA4EB /* NoteToSelf_cdillyTests-Info.plist */; };
/* End PBXBuildFile section */

/* Begin PBXContainerItemProxy section */
		E78FECAA1B238178003AA4EB /* PBXContainerItemProxy */ = {
			isa = PBXContainerItemProxy;
			containerPortal = E78FEC851B238178003AA4EB /* Project object */;
			proxyType = 1;
			remoteGlobalIDString = E78FEC8C1B238178003AA4EB;
			remoteInfo = NoteToSelf_cdilly_new;
		};
/* End PBXContainerItemProxy section */

/* Begin PBXFileReference section */
		E78FED1B1B2393CD003AA4EB /* Base */ = {isa = PBXFileReference; lastKnownFileType = file.storyboard; name = Base; path = Base.lproj/Main.storyboard; sourceTree = "<group>"; };
		E78FED1C1B2393CD003AA4EB /* Note.h */ = {isa = PBXFileReference; fileEncoding = 4; lastKnownFileType = sourcecode.c.h; path = Note.h; sourceTree = "<group>"; };
		E78FED1D1B2393CD003AA4EB /* Note.m */ = {isa = PBXFileReference; fileEncoding = 4; lastKnownFileType = sourcecode.c.objc; path = Note.m; sourceTree = "<group>"; };
		E78FED201B2393CD003AA4EB /* NoteSvc.h */ = {isa = PBXFileReference; fileEncoding = 4; lastKnownFileType = sourcecode.c.h; path = NoteSvc.h; sourceTree = "<group>"; };
		E78FED231B2393CD003AA4EB /* NoteSvcCache.h */ = {isa = PBXFileReference; fileEncoding = 4; lastKnownFileType = sourcecode.c.h; path = NoteSvcCache.h; sourceTree = "<group>"; };
		E78FED241B2393CD003AA4EB /* NoteSvcCache.m */ = {isa = PBXFileReference; fileEncoding = 4; lastKnownFileType = sourcecode.c.objc; path = NoteSvcCache.m; sourceTree = "<group>"; };
		E78FED271B2393CD003AA4EB /* NotesViewController.h */ = {isa = PBXFileReference; fileEncoding = 4; lastKnownFileType = sourcecode.c.h; path = NotesViewController.h; sourceTree = "<group>"; };
		E78FED281B2393CD003AA4EB /* NotesViewController.m */ = {isa = PBXFileReference; fileEncoding = 4; lastKnownFileType = sourcecode.c.objc; path = NotesViewController.m; sourceTree = "<group>"; };
		E78FED2B1B2393CD003AA4EB /* Images.xcassets */ = {isa = PBXFileReference; lastKnownFileType = folder.assetcatalog; path = Images.xcassets; sourceTree = "<group>"; };
		E78FED2D1B2393CD003AA4EB /* MasterAppDelegate.h */ = {isa = PBXFileReference; fileEncoding = 4; lastKnownFileType = sourcecode.c.h; path = MasterAppDelegate.h; sourceTree = "<group>"; };
		E78FED2E1B2393CD003AA4EB /* MasterAppDelegate.m */ = {isa = PBXFileReference; fileEncoding = 4; lastKnownFileType = sourcecode.c.objc; path = MasterAppDelegate.m; sourceTree = "<group>"; };
		E78FED2F1B2393CD003AA4EB /* MasterDetailViewController.h */ = {isa = PBXFileReference; fileEncoding = 4; lastKnownFileType = sourcecode.c.h; path = MasterDetailViewController.h; sourceTree = "<group>"; };
		E78FED301B2393CD003AA4EB /* MasterDetailViewController.m */ = {isa = PBXFileReference; fileEncoding = 4; lastKnownFileType = sourcecode.c.objc; path = MasterDetailViewController.m; sourceTree = "<group>"; };
		E78FED311B2393CD003AA4EB /* MasterMasterViewController.h */ = {isa = PBXFileReference; fileEncoding = 4; lastKnownFileType = sourcecode.c.h; path = MasterMasterViewController.h; sourceTree = "<group>"; };
		E78FED321B2393CD003AA4EB /* MasterMasterViewController.m */ = {isa = PBXFileReference; fileEncoding = 4; lastKnownFileType = sourcecode.c.objc; path = MasterMasterViewController.m; sourceTree = "<group>"; };
		E78FED451B23962F003AA4EB /* NoteToSelf_cdilly-Info.plist */ = {isa = PBXFileReference; fileEncoding = 4; lastKnownFileType = text.plist.xml; path = "NoteToSelf_cdilly-Info.plist"; sourceTree = "<group>"; };
		E78FED471B23965D003AA4EB /* main.m */ = {isa = PBXFileReference; fileEncoding = 4; lastKnownFileType = sourcecode.c.objc; path = main.m; sourceTree = "<group>"; };
		E78FED491B23967D003AA4EB /* NoteToSelf_cdilly-Prefix.pch */ = {isa = PBXFileReference; fileEncoding = 4; lastKnownFileType = sourcecode.c.h; path = "NoteToSelf_cdilly-Prefix.pch"; sourceTree = "<group>"; };
		E78FED561B239BE2003AA4EB /* en */ = {isa = PBXFileReference; lastKnownFileType = text.plist.strings; name = en; path = en.lproj/InfoPlist.strings; sourceTree = "<group>"; };
		E78FED611B23A102003AA4EB /* InfoPlist.strings */ = {isa = PBXFileReference; lastKnownFileType = text.plist.strings; path = InfoPlist.strings; sourceTree = "<group>"; };
		E78FED621B23A145003AA4EB /* NoteToSelf_cdillyTests-Info.plist */ = {isa = PBXFileReference; fileEncoding = 4; lastKnownFileType = text.plist.xml; path = "NoteToSelf_cdillyTests-Info.plist"; sourceTree = "<group>"; };
		E78FED661B23A8A0003AA4EB /* NoteToSelf_cdilly_new.app */ = {isa = PBXFileReference; explicitFileType = wrapper.application; includeInIndex = 0; path = NoteToSelf_cdilly_new.app; sourceTree = BUILT_PRODUCTS_DIR; };
		E78FED671B23AA42003AA4EB /* NoteToSelfTests_cdilly.xctest */ = {isa = PBXFileReference; explicitFileType = wrapper.cfbundle; includeInIndex = 0; path = NoteToSelfTests_cdilly.xctest; sourceTree = BUILT_PRODUCTS_DIR; };
/* End PBXFileReference section */

/* Begin PBXFrameworksBuildPhase section */
		E78FEC8A1B238178003AA4EB /* Frameworks */ = {
			isa = PBXFrameworksBuildPhase;
			buildActionMask = 2147483647;
			files = (
			);
			runOnlyForDeploymentPostprocessing = 0;
		};
		E78FECA61B238178003AA4EB /* Frameworks */ = {
			isa = PBXFrameworksBuildPhase;
			buildActionMask = 2147483647;
			files = (
			);
			runOnlyForDeploymentPostprocessing = 0;
		};
/* End PBXFrameworksBuildPhase section */

/* Begin PBXGroup section */
		E78FEC841B238178003AA4EB = {
			isa = PBXGroup;
			children = (
				E78FED5C1B239FED003AA4EB /* NoteToSelfTests_cdilly */,
				E78FED431B239591003AA4EB /* Frameworks */,
				E78FED441B23959A003AA4EB /* Products */,
				E78FED191B2393CD003AA4EB /* NoteToSelf_cdilly */,
				E78FED671B23AA42003AA4EB /* NoteToSelfTests_cdilly.xctest */,
				E78FED661B23A8A0003AA4EB /* NoteToSelf_cdilly_new.app */,
			);
			sourceTree = "<group>";
		};
		E78FED191B2393CD003AA4EB /* NoteToSelf_cdilly */ = {
			isa = PBXGroup;
			children = (
				E78FED411B239472003AA4EB /* Supporting Files */,
				E78FED401B239408003AA4EB /* Model */,
				E78FED1A1B2393CD003AA4EB /* Main.storyboard */,
				E78FED271B2393CD003AA4EB /* NotesViewController.h */,
				E78FED281B2393CD003AA4EB /* NotesViewController.m */,
				E78FED2B1B2393CD003AA4EB /* Images.xcassets */,
				E78FED2D1B2393CD003AA4EB /* MasterAppDelegate.h */,
				E78FED2E1B2393CD003AA4EB /* MasterAppDelegate.m */,
				E78FED2F1B2393CD003AA4EB /* MasterDetailViewController.h */,
				E78FED301B2393CD003AA4EB /* MasterDetailViewController.m */,
				E78FED311B2393CD003AA4EB /* MasterMasterViewController.h */,
				E78FED321B2393CD003AA4EB /* MasterMasterViewController.m */,
			);
			path = NoteToSelf_cdilly;
			sourceTree = "<group>";
		};
		E78FED401B239408003AA4EB /* Model */ = {
			isa = PBXGroup;
			children = (
				E78FED201B2393CD003AA4EB /* NoteSvc.h */,
				E78FED241B2393CD003AA4EB /* NoteSvcCache.m */,
				E78FED231B2393CD003AA4EB /* NoteSvcCache.h */,
				E78FED1D1B2393CD003AA4EB /* Note.m */,
				E78FED1C1B2393CD003AA4EB /* Note.h */,
			);
			name = Model;
			sourceTree = "<group>";
		};
		E78FED411B239472003AA4EB /* Supporting Files */ = {
			isa = PBXGroup;
			children = (
				E78FED551B239BE2003AA4EB /* InfoPlist.strings */,
				E78FED491B23967D003AA4EB /* NoteToSelf_cdilly-Prefix.pch */,
				E78FED471B23965D003AA4EB /* main.m */,
				E78FED451B23962F003AA4EB /* NoteToSelf_cdilly-Info.plist */,
			);
			name = "Supporting Files";
			sourceTree = "<group>";
		};
		E78FED431B239591003AA4EB /* Frameworks */ = {
			isa = PBXGroup;
			children = (
			);
			name = Frameworks;
			sourceTree = "<group>";
		};
		E78FED441B23959A003AA4EB /* Products */ = {
			isa = PBXGroup;
			children = (
			);
			name = Products;
			sourceTree = "<group>";
		};
		E78FED5C1B239FED003AA4EB /* NoteToSelfTests_cdilly */ = {
			isa = PBXGroup;
			children = (
				E78FED5D1B239FED003AA4EB /* SupportingFiles */,
			);
			path = NoteToSelfTests_cdilly;
			sourceTree = "<group>";
		};
		E78FED5D1B239FED003AA4EB /* SupportingFiles */ = {
			isa = PBXGroup;
			children = (
				E78FED621B23A145003AA4EB /* NoteToSelf_cdillyTests-Info.plist */,
				E78FED611B23A102003AA4EB /* InfoPlist.strings */,
			);
			path = SupportingFiles;
			sourceTree = "<group>";
		};
/* End PBXGroup section */

/* Begin PBXNativeTarget section */
		E78FEC8C1B238178003AA4EB /* NoteToSelf_cdilly_new */ = {
			isa = PBXNativeTarget;
			buildConfigurationList = E78FECB31B238178003AA4EB /* Build configuration list for PBXNativeTarget "NoteToSelf_cdilly_new" */;
			buildPhases = (
				E78FEC891B238178003AA4EB /* Sources */,
				E78FEC8A1B238178003AA4EB /* Frameworks */,
				E78FEC8B1B238178003AA4EB /* Resources */,
			);
			buildRules = (
			);
			dependencies = (
			);
			name = NoteToSelf_cdilly_new;
			productName = NoteToSelf_cdilly_new;
			productReference = E78FED661B23A8A0003AA4EB /* NoteToSelf_cdilly_new.app */;
			productType = "com.apple.product-type.application";
		};
		E78FECA81B238178003AA4EB /* NoteToSelf_cdilly_newTests */ = {
			isa = PBXNativeTarget;
			buildConfigurationList = E78FECB61B238178003AA4EB /* Build configuration list for PBXNativeTarget "NoteToSelf_cdilly_newTests" */;
			buildPhases = (
				E78FECA51B238178003AA4EB /* Sources */,
				E78FECA61B238178003AA4EB /* Frameworks */,
				E78FECA71B238178003AA4EB /* Resources */,
			);
			buildRules = (
			);
			dependencies = (
				E78FECAB1B238178003AA4EB /* PBXTargetDependency */,
			);
			name = NoteToSelf_cdilly_newTests;
			productName = NoteToSelf_cdilly_newTests;
			productReference = E78FED671B23AA42003AA4EB /* NoteToSelfTests_cdilly.xctest */;
			productType = "com.apple.product-type.bundle.unit-test";
		};
/* End PBXNativeTarget section */

/* Begin PBXProject section */
		E78FEC851B238178003AA4EB /* Project object */ = {
			isa = PBXProject;
			attributes = {
				LastUpgradeCheck = 0630;
				ORGANIZATIONNAME = msse650;
				TargetAttributes = {
					E78FEC8C1B238178003AA4EB = {
						CreatedOnToolsVersion = 6.3.2;
					};
					E78FECA81B238178003AA4EB = {
						CreatedOnToolsVersion = 6.3.2;
						TestTargetID = E78FEC8C1B238178003AA4EB;
					};
				};
			};
			buildConfigurationList = E78FEC881B238178003AA4EB /* Build configuration list for PBXProject "NoteToSelf_cdilly_new" */;
			compatibilityVersion = "Xcode 3.2";
			developmentRegion = English;
			hasScannedForEncodings = 0;
			knownRegions = (
				en,
				Base,
			);
			mainGroup = E78FEC841B238178003AA4EB;
			productRefGroup = E78FEC841B238178003AA4EB;
			projectDirPath = "";
			projectRoot = "";
			targets = (
				E78FEC8C1B238178003AA4EB /* NoteToSelf_cdilly_new */,
				E78FECA81B238178003AA4EB /* NoteToSelf_cdilly_newTests */,
			);
		};
/* End PBXProject section */

/* Begin PBXResourcesBuildPhase section */
		E78FEC8B1B238178003AA4EB /* Resources */ = {
			isa = PBXResourcesBuildPhase;
			buildActionMask = 2147483647;
			files = (
				E78FED591B239D10003AA4EB /* InfoPlist.strings in Resources */,
			);
			runOnlyForDeploymentPostprocessing = 0;
		};
		E78FECA71B238178003AA4EB /* Resources */ = {
			isa = PBXResourcesBuildPhase;
			buildActionMask = 2147483647;
			files = (
				E78FED331B2393CD003AA4EB /* Main.storyboard in Resources */,
				E78FED631B23A145003AA4EB /* NoteToSelf_cdillyTests-Info.plist in Resources */,
				E78FED3B1B2393CD003AA4EB /* Images.xcassets in Resources */,
				E78FED461B23962F003AA4EB /* NoteToSelf_cdilly-Info.plist in Resources */,
			);
			runOnlyForDeploymentPostprocessing = 0;
		};
/* End PBXResourcesBuildPhase section */

/* Begin PBXSourcesBuildPhase section */
		E78FEC891B238178003AA4EB /* Sources */ = {
			isa = PBXSourcesBuildPhase;
			buildActionMask = 2147483647;
			files = (
			);
			runOnlyForDeploymentPostprocessing = 0;
		};
		E78FECA51B238178003AA4EB /* Sources */ = {
			isa = PBXSourcesBuildPhase;
			buildActionMask = 2147483647;
			files = (
				E78FED3F1B2393CD003AA4EB /* MasterMasterViewController.m in Sources */,
				E78FED371B2393CD003AA4EB /* NoteSvcCache.m in Sources */,
				E78FED391B2393CD003AA4EB /* NotesViewController.m in Sources */,
				E78FED341B2393CD003AA4EB /* Note.m in Sources */,
				E78FED3D1B2393CD003AA4EB /* MasterAppDelegate.m in Sources */,
				E78FED481B23965D003AA4EB /* main.m in Sources */,
				E78FED3E1B2393CD003AA4EB /* MasterDetailViewController.m in Sources */,
			);
			runOnlyForDeploymentPostprocessing = 0;
		};
/* End PBXSourcesBuildPhase section */

/* Begin PBXTargetDependency section */
		E78FECAB1B238178003AA4EB /* PBXTargetDependency */ = {
			isa = PBXTargetDependency;
			target = E78FEC8C1B238178003AA4EB /* NoteToSelf_cdilly_new */;
			targetProxy = E78FECAA1B238178003AA4EB /* PBXContainerItemProxy */;
		};
/* End PBXTargetDependency section */

/* Begin PBXVariantGroup section */
		E78FED1A1B2393CD003AA4EB /* Main.storyboard */ = {
			isa = PBXVariantGroup;
			children = (
				E78FED1B1B2393CD003AA4EB /* Base */,
			);
			name = Main.storyboard;
			sourceTree = "<group>";
		};
		E78FED551B239BE2003AA4EB /* InfoPlist.strings */ = {
			isa = PBXVariantGroup;
			children = (
				E78FED561B239BE2003AA4EB /* en */,
			);
			name = InfoPlist.strings;
			sourceTree = "<group>";
		};
/* End PBXVariantGroup section */

/* Begin XCBuildConfiguration section */
		E78FECB11B238178003AA4EB /* Debug */ = {
			isa = XCBuildConfiguration;
			buildSettings = {
				ALWAYS_SEARCH_USER_PATHS = NO;
				CLANG_CXX_LANGUAGE_STANDARD = "gnu++0x";
				CLANG_CXX_LIBRARY = "libc++";
				CLANG_ENABLE_MODULES = YES;
				CLANG_ENABLE_OBJC_ARC = YES;
				CLANG_WARN_BOOL_CONVERSION = YES;
				CLANG_WARN_CONSTANT_CONVERSION = YES;
				CLANG_WARN_DIRECT_OBJC_ISA_USAGE = YES_ERROR;
				CLANG_WARN_EMPTY_BODY = YES;
				CLANG_WARN_ENUM_CONVERSION = YES;
				CLANG_WARN_INT_CONVERSION = YES;
				CLANG_WARN_OBJC_ROOT_CLASS = YES_ERROR;
				CLANG_WARN_UNREACHABLE_CODE = YES;
				CLANG_WARN__DUPLICATE_METHOD_MATCH = YES;
				"CODE_SIGN_IDENTITY[sdk=iphoneos*]" = "iPhone Developer";
				COPY_PHASE_STRIP = NO;
				DEBUG_INFORMATION_FORMAT = "dwarf-with-dsym";
				ENABLE_STRICT_OBJC_MSGSEND = YES;
				GCC_C_LANGUAGE_STANDARD = gnu99;
				GCC_DYNAMIC_NO_PIC = NO;
				GCC_NO_COMMON_BLOCKS = YES;
				GCC_OPTIMIZATION_LEVEL = 0;
				GCC_PREPROCESSOR_DEFINITIONS = (
					"DEBUG=1",
					"$(inherited)",
				);
				GCC_SYMBOLS_PRIVATE_EXTERN = NO;
				GCC_WARN_64_TO_32_BIT_CONVERSION = YES;
				GCC_WARN_ABOUT_RETURN_TYPE = YES_ERROR;
				GCC_WARN_UNDECLARED_SELECTOR = YES;
				GCC_WARN_UNINITIALIZED_AUTOS = YES_AGGRESSIVE;
				GCC_WARN_UNUSED_FUNCTION = YES;
				GCC_WARN_UNUSED_VARIABLE = YES;
				IPHONEOS_DEPLOYMENT_TARGET = 8.3;
				MTL_ENABLE_DEBUG_INFO = YES;
				ONLY_ACTIVE_ARCH = YES;
				SDKROOT = iphoneos;
			};
			name = Debug;
		};
		E78FECB21B238178003AA4EB /* Release */ = {
			isa = XCBuildConfiguration;
			buildSettings = {
				ALWAYS_SEARCH_USER_PATHS = NO;
				CLANG_CXX_LANGUAGE_STANDARD = "gnu++0x";
				CLANG_CXX_LIBRARY = "libc++";
				CLANG_ENABLE_MODULES = YES;
				CLANG_ENABLE_OBJC_ARC = YES;
				CLANG_WARN_BOOL_CONVERSION = YES;
				CLANG_WARN_CONSTANT_CONVERSION = YES;
				CLANG_WARN_DIRECT_OBJC_ISA_USAGE = YES_ERROR;
				CLANG_WARN_EMPTY_BODY = YES;
				CLANG_WARN_ENUM_CONVERSION = YES;
				CLANG_WARN_INT_CONVERSION = YES;
				CLANG_WARN_OBJC_ROOT_CLASS = YES_ERROR;
				CLANG_WARN_UNREACHABLE_CODE = YES;
				CLANG_WARN__DUPLICATE_METHOD_MATCH = YES;
				"CODE_SIGN_IDENTITY[sdk=iphoneos*]" = "iPhone Developer";
				COPY_PHASE_STRIP = NO;
				DEBUG_INFORMATION_FORMAT = "dwarf-with-dsym";
				ENABLE_NS_ASSERTIONS = NO;
				ENABLE_STRICT_OBJC_MSGSEND = YES;
				GCC_C_LANGUAGE_STANDARD = gnu99;
				GCC_NO_COMMON_BLOCKS = YES;
				GCC_WARN_64_TO_32_BIT_CONVERSION = YES;
				GCC_WARN_ABOUT_RETURN_TYPE = YES_ERROR;
				GCC_WARN_UNDECLARED_SELECTOR = YES;
				GCC_WARN_UNINITIALIZED_AUTOS = YES_AGGRESSIVE;
				GCC_WARN_UNUSED_FUNCTION = YES;
				GCC_WARN_UNUSED_VARIABLE = YES;
				IPHONEOS_DEPLOYMENT_TARGET = 8.3;
				MTL_ENABLE_DEBUG_INFO = NO;
				SDKROOT = iphoneos;
				VALIDATE_PRODUCT = YES;
			};
			name = Release;
		};
		E78FECB41B238178003AA4EB /* Debug */ = {
			isa = XCBuildConfiguration;
			buildSettings = {
				ASSETCATALOG_COMPILER_APPICON_NAME = AppIcon;
				INFOPLIST_FILE = "NoteToSelf_cdilly/NoteToSelf_cdilly-Info.plist";
				IPHONEOS_DEPLOYMENT_TARGET = 7.1;
				LD_RUNPATH_SEARCH_PATHS = "$(inherited) @executable_path/Frameworks";
				PRODUCT_NAME = "$(TARGET_NAME)";
			};
			name = Debug;
		};
		E78FECB51B238178003AA4EB /* Release */ = {
			isa = XCBuildConfiguration;
			buildSettings = {
				ASSETCATALOG_COMPILER_APPICON_NAME = AppIcon;
				INFOPLIST_FILE = "NoteToSelf_cdilly/NoteToSelf_cdilly-Info.plist";
				IPHONEOS_DEPLOYMENT_TARGET = 7.1;
				LD_RUNPATH_SEARCH_PATHS = "$(inherited) @executable_path/Frameworks";
				PRODUCT_NAME = "$(TARGET_NAME)";
			};
			name = Release;
		};
		E78FECB71B238178003AA4EB /* Debug */ = {
			isa = XCBuildConfiguration;
			buildSettings = {
				BUNDLE_LOADER = "$(TEST_HOST)";
				FRAMEWORK_SEARCH_PATHS = (
					"$(SDKROOT)/Developer/Library/Frameworks",
					"$(inherited)",
				);
				GCC_PREPROCESSOR_DEFINITIONS = (
					"DEBUG=1",
					"$(inherited)",
				);
				INFOPLIST_FILE = NoteToSelfTests_cdilly/Info.plist;
				LD_MAP_FILE_PATH = "build/NoteToSelf_cdilly_new.build/Debug-iphoneos/NoteToSelfTests_cdilly.build/NoteToSelfTests_cdilly-LinkMap--.txt";
				LD_RUNPATH_SEARCH_PATHS = "$(inherited) @executable_path/Frameworks @loader_path/Frameworks";
				PRODUCT_NAME = NoteToSelfTests_cdilly;
				TEST_HOST = "$(BUILT_PRODUCTS_DIR)/NoteToSelf_cdilly_new.app/NoteToSelf_cdilly_new";
			};
			name = Debug;
		};
		E78FECB81B238178003AA4EB /* Release */ = {
			isa = XCBuildConfiguration;
			buildSettings = {
				BUNDLE_LOADER = "$(TEST_HOST)";
				FRAMEWORK_SEARCH_PATHS = (
					"$(SDKROOT)/Developer/Library/Frameworks",
					"$(inherited)",
				);
				INFOPLIST_FILE = NoteToSelfTests_cdilly/Info.plist;
				LD_MAP_FILE_PATH = "build/NoteToSelf_cdilly_new.build/Release-iphoneos/NoteToSelfTests_cdilly.build/NoteToSelfTests_cdilly-LinkMap--.txt";
				LD_RUNPATH_SEARCH_PATHS = "$(inherited) @executable_path/Frameworks @loader_path/Frameworks";
				PRODUCT_NAME = NoteToSelfTests_cdilly;
				TEST_HOST = "$(BUILT_PRODUCTS_DIR)/NoteToSelf_cdilly_new.app/NoteToSelf_cdilly_new";
			};
			name = Release;
		};
/* End XCBuildConfiguration section */

/* Begin XCConfigurationList section */
		E78FEC881B238178003AA4EB /* Build configuration list for PBXProject "NoteToSelf_cdilly_new" */ = {
			isa = XCConfigurationList;
			buildConfigurations = (
				E78FECB11B238178003AA4EB /* Debug */,
				E78FECB21B238178003AA4EB /* Release */,
			);
			defaultConfigurationIsVisible = 0;
			defaultConfigurationName = Release;
		};
		E78FECB31B238178003AA4EB /* Build configuration list for PBXNativeTarget "NoteToSelf_cdilly_new" */ = {
			isa = XCConfigurationList;
			buildConfigurations = (
				E78FECB41B238178003AA4EB /* Debug */,
				E78FECB51B238178003AA4EB /* Release */,
			);
			defaultConfigurationIsVisible = 0;
			defaultConfigurationName = Release;
		};
		E78FECB61B238178003AA4EB /* Build configuration list for PBXNativeTarget "NoteToSelf_cdilly_newTests" */ = {
			isa = XCConfigurationList;
			buildConfigurations = (
				E78FECB71B238178003AA4EB /* Debug */,
				E78FECB81B238178003AA4EB /* Release */,
			);
			defaultConfigurationIsVisible = 0;
			defaultConfigurationName = Release;
		};
/* End XCConfigurationList section */
	};
	rootObject = E78FEC851B238178003AA4EB /* Project object */;
}
