// !$*UTF8*$!
{
	archiveVersion = 1;
	classes = {
	};
	objectVersion = 46;
	objects = {

/* Begin PBXBuildFile section */
		E78FEC931B238178003AA4EB /* main.m in Sources */ = {isa = PBXBuildFile; fileRef = E78FEC921B238178003AA4EB /* main.m */; };
		E78FEC961B238178003AA4EB /* AppDelegate.m in Sources */ = {isa = PBXBuildFile; fileRef = E78FEC951B238178003AA4EB /* AppDelegate.m */; };
		E78FEC991B238178003AA4EB /* MasterViewController.m in Sources */ = {isa = PBXBuildFile; fileRef = E78FEC981B238178003AA4EB /* MasterViewController.m */; };
		E78FEC9C1B238178003AA4EB /* DetailViewController.m in Sources */ = {isa = PBXBuildFile; fileRef = E78FEC9B1B238178003AA4EB /* DetailViewController.m */; };
		E78FEC9F1B238178003AA4EB /* Main.storyboard in Resources */ = {isa = PBXBuildFile; fileRef = E78FEC9D1B238178003AA4EB /* Main.storyboard */; };
		E78FECA11B238178003AA4EB /* Images.xcassets in Resources */ = {isa = PBXBuildFile; fileRef = E78FECA01B238178003AA4EB /* Images.xcassets */; };
		E78FECA41B238178003AA4EB /* LaunchScreen.xib in Resources */ = {isa = PBXBuildFile; fileRef = E78FECA21B238178003AA4EB /* LaunchScreen.xib */; };
		E78FECB01B238178003AA4EB /* NoteToSelf_cdilly_newTests.m in Sources */ = {isa = PBXBuildFile; fileRef = E78FECAF1B238178003AA4EB /* NoteToSelf_cdilly_newTests.m */; };
/* End PBXBuildFile section */

/* Begin PBXContainerItemProxy section */
		E78FECAA1B238178003AA4EB /* PBXContainerItemProxy */ = {
			isa = PBXContainerItemProxy;
			containerPortal = E78FEC851B238178003AA4EB /* Project object */;
			proxyType = 1;
			remoteGlobalIDString = E78FEC8C1B238178003AA4EB;
			remoteInfo = NoteToSelf_cdilly_new;
		};
/* End PBXContainerItemProxy section */

/* Begin PBXFileReference section */
		E78FEC8D1B238178003AA4EB /* NoteToSelf_cdilly_new.app */ = {isa = PBXFileReference; explicitFileType = wrapper.application; includeInIndex = 0; path = NoteToSelf_cdilly_new.app; sourceTree = BUILT_PRODUCTS_DIR; };
		E78FEC911B238178003AA4EB /* Info.plist */ = {isa = PBXFileReference; lastKnownFileType = text.plist.xml; path = Info.plist; sourceTree = "<group>"; };
		E78FEC921B238178003AA4EB /* main.m */ = {isa = PBXFileReference; lastKnownFileType = sourcecode.c.objc; path = main.m; sourceTree = "<group>"; };
		E78FEC941B238178003AA4EB /* AppDelegate.h */ = {isa = PBXFileReference; lastKnownFileType = sourcecode.c.h; path = AppDelegate.h; sourceTree = "<group>"; };
		E78FEC951B238178003AA4EB /* AppDelegate.m */ = {isa = PBXFileReference; lastKnownFileType = sourcecode.c.objc; path = AppDelegate.m; sourceTree = "<group>"; };
		E78FEC971B238178003AA4EB /* MasterViewController.h */ = {isa = PBXFileReference; lastKnownFileType = sourcecode.c.h; path = MasterViewController.h; sourceTree = "<group>"; };
		E78FEC981B238178003AA4EB /* MasterViewController.m */ = {isa = PBXFileReference; lastKnownFileType = sourcecode.c.objc; path = MasterViewController.m; sourceTree = "<group>"; };
		E78FEC9A1B238178003AA4EB /* DetailViewController.h */ = {isa = PBXFileReference; lastKnownFileType = sourcecode.c.h; path = DetailViewController.h; sourceTree = "<group>"; };
		E78FEC9B1B238178003AA4EB /* DetailViewController.m */ = {isa = PBXFileReference; lastKnownFileType = sourcecode.c.objc; path = DetailViewController.m; sourceTree = "<group>"; };
		E78FEC9E1B238178003AA4EB /* Base */ = {isa = PBXFileReference; lastKnownFileType = file.storyboard; name = Base; path = Base.lproj/Main.storyboard; sourceTree = "<group>"; };
		E78FECA01B238178003AA4EB /* Images.xcassets */ = {isa = PBXFileReference; lastKnownFileType = folder.assetcatalog; path = Images.xcassets; sourceTree = "<group>"; };
		E78FECA31B238178003AA4EB /* Base */ = {isa = PBXFileReference; lastKnownFileType = file.xib; name = Base; path = Base.lproj/LaunchScreen.xib; sourceTree = "<group>"; };
		E78FECA91B238178003AA4EB /* NoteToSelf_cdilly_newTests.xctest */ = {isa = PBXFileReference; explicitFileType = wrapper.cfbundle; includeInIndex = 0; path = NoteToSelf_cdilly_newTests.xctest; sourceTree = BUILT_PRODUCTS_DIR; };
		E78FECAE1B238178003AA4EB /* Info.plist */ = {isa = PBXFileReference; lastKnownFileType = text.plist.xml; path = Info.plist; sourceTree = "<group>"; };
		E78FECAF1B238178003AA4EB /* NoteToSelf_cdilly_newTests.m */ = {isa = PBXFileReference; lastKnownFileType = sourcecode.c.objc; path = NoteToSelf_cdilly_newTests.m; sourceTree = "<group>"; };
/* End PBXFileReference section */

/* Begin PBXFrameworksBuildPhase section */
		E78FEC8A1B238178003AA4EB /* Frameworks */ = {
			isa = PBXFrameworksBuildPhase;
			buildActionMask = 2147483647;
			files = (
			);
			runOnlyForDeploymentPostprocessing = 0;
		};
		E78FECA61B238178003AA4EB /* Frameworks */ = {
			isa = PBXFrameworksBuildPhase;
			buildActionMask = 2147483647;
			files = (
			);
			runOnlyForDeploymentPostprocessing = 0;
		};
/* End PBXFrameworksBuildPhase section */

/* Begin PBXGroup section */
		E78FEC841B238178003AA4EB = {
			isa = PBXGroup;
			children = (
				E78FEC8F1B238178003AA4EB /* NoteToSelf_cdilly_new */,
				E78FECAC1B238178003AA4EB /* NoteToSelf_cdilly_newTests */,
				E78FEC8E1B238178003AA4EB /* Products */,
			);
			sourceTree = "<group>";
		};
		E78FEC8E1B238178003AA4EB /* Products */ = {
			isa = PBXGroup;
			children = (
				E78FEC8D1B238178003AA4EB /* NoteToSelf_cdilly_new.app */,
				E78FECA91B238178003AA4EB /* NoteToSelf_cdilly_newTests.xctest */,
			);
			name = Products;
			sourceTree = "<group>";
		};
		E78FEC8F1B238178003AA4EB /* NoteToSelf_cdilly_new */ = {
			isa = PBXGroup;
			children = (
				E78FEC941B238178003AA4EB /* AppDelegate.h */,
				E78FEC951B238178003AA4EB /* AppDelegate.m */,
				E78FEC971B238178003AA4EB /* MasterViewController.h */,
				E78FEC981B238178003AA4EB /* MasterViewController.m */,
				E78FEC9A1B238178003AA4EB /* DetailViewController.h */,
				E78FEC9B1B238178003AA4EB /* DetailViewController.m */,
				E78FEC9D1B238178003AA4EB /* Main.storyboard */,
				E78FECA01B238178003AA4EB /* Images.xcassets */,
				E78FECA21B238178003AA4EB /* LaunchScreen.xib */,
				E78FEC901B238178003AA4EB /* Supporting Files */,
			);
			path = NoteToSelf_cdilly_new;
			sourceTree = "<group>";
		};
		E78FEC901B238178003AA4EB /* Supporting Files */ = {
			isa = PBXGroup;
			children = (
				E78FEC911B238178003AA4EB /* Info.plist */,
				E78FEC921B238178003AA4EB /* main.m */,
			);
			name = "Supporting Files";
			sourceTree = "<group>";
		};
		E78FECAC1B238178003AA4EB /* NoteToSelf_cdilly_newTests */ = {
			isa = PBXGroup;
			children = (
				E78FECAF1B238178003AA4EB /* NoteToSelf_cdilly_newTests.m */,
				E78FECAD1B238178003AA4EB /* Supporting Files */,
			);
			path = NoteToSelf_cdilly_newTests;
			sourceTree = "<group>";
		};
		E78FECAD1B238178003AA4EB /* Supporting Files */ = {
			isa = PBXGroup;
			children = (
				E78FECAE1B238178003AA4EB /* Info.plist */,
			);
			name = "Supporting Files";
			sourceTree = "<group>";
		};
/* End PBXGroup section */

/* Begin PBXNativeTarget section */
		E78FEC8C1B238178003AA4EB /* NoteToSelf_cdilly_new */ = {
			isa = PBXNativeTarget;
			buildConfigurationList = E78FECB31B238178003AA4EB /* Build configuration list for PBXNativeTarget "NoteToSelf_cdilly_new" */;
			buildPhases = (
				E78FEC891B238178003AA4EB /* Sources */,
				E78FEC8A1B238178003AA4EB /* Frameworks */,
				E78FEC8B1B238178003AA4EB /* Resources */,
			);
			buildRules = (
			);
			dependencies = (
			);
			name = NoteToSelf_cdilly_new;
			productName = NoteToSelf_cdilly_new;
			productReference = E78FEC8D1B238178003AA4EB /* NoteToSelf_cdilly_new.app */;
			productType = "com.apple.product-type.application";
		};
		E78FECA81B238178003AA4EB /* NoteToSelf_cdilly_newTests */ = {
			isa = PBXNativeTarget;
			buildConfigurationList = E78FECB61B238178003AA4EB /* Build configuration list for PBXNativeTarget "NoteToSelf_cdilly_newTests" */;
			buildPhases = (
				E78FECA51B238178003AA4EB /* Sources */,
				E78FECA61B238178003AA4EB /* Frameworks */,
				E78FECA71B238178003AA4EB /* Resources */,
			);
			buildRules = (
			);
			dependencies = (
				E78FECAB1B238178003AA4EB /* PBXTargetDependency */,
			);
			name = NoteToSelf_cdilly_newTests;
			productName = NoteToSelf_cdilly_newTests;
			productReference = E78FECA91B238178003AA4EB /* NoteToSelf_cdilly_newTests.xctest */;
			productType = "com.apple.product-type.bundle.unit-test";
		};
/* End PBXNativeTarget section */

/* Begin PBXProject section */
		E78FEC851B238178003AA4EB /* Project object */ = {
			isa = PBXProject;
			attributes = {
				LastUpgradeCheck = 0630;
				ORGANIZATIONNAME = msse650;
				TargetAttributes = {
					E78FEC8C1B238178003AA4EB = {
						CreatedOnToolsVersion = 6.3.2;
					};
					E78FECA81B238178003AA4EB = {
						CreatedOnToolsVersion = 6.3.2;
						TestTargetID = E78FEC8C1B238178003AA4EB;
					};
				};
			};
			buildConfigurationList = E78FEC881B238178003AA4EB /* Build configuration list for PBXProject "NoteToSelf_cdilly_new" */;
			compatibilityVersion = "Xcode 3.2";
			developmentRegion = English;
			hasScannedForEncodings = 0;
			knownRegions = (
				en,
				Base,
			);
			mainGroup = E78FEC841B238178003AA4EB;
			productRefGroup = E78FEC8E1B238178003AA4EB /* Products */;
			projectDirPath = "";
			projectRoot = "";
			targets = (
				E78FEC8C1B238178003AA4EB /* NoteToSelf_cdilly_new */,
				E78FECA81B238178003AA4EB /* NoteToSelf_cdilly_newTests */,
			);
		};
/* End PBXProject section */

/* Begin PBXResourcesBuildPhase section */
		E78FEC8B1B238178003AA4EB /* Resources */ = {
			isa = PBXResourcesBuildPhase;
			buildActionMask = 2147483647;
			files = (
				E78FEC9F1B238178003AA4EB /* Main.storyboard in Resources */,
				E78FECA41B238178003AA4EB /* LaunchScreen.xib in Resources */,
				E78FECA11B238178003AA4EB /* Images.xcassets in Resources */,
			);
			runOnlyForDeploymentPostprocessing = 0;
		};
		E78FECA71B238178003AA4EB /* Resources */ = {
			isa = PBXResourcesBuildPhase;
			buildActionMask = 2147483647;
			files = (
			);
			runOnlyForDeploymentPostprocessing = 0;
		};
/* End PBXResourcesBuildPhase section */

/* Begin PBXSourcesBuildPhase section */
		E78FEC891B238178003AA4EB /* Sources */ = {
			isa = PBXSourcesBuildPhase;
			buildActionMask = 2147483647;
			files = (
				E78FEC961B238178003AA4EB /* AppDelegate.m in Sources */,
				E78FEC991B238178003AA4EB /* MasterViewController.m in Sources */,
				E78FEC931B238178003AA4EB /* main.m in Sources */,
				E78FEC9C1B238178003AA4EB /* DetailViewController.m in Sources */,
			);
			runOnlyForDeploymentPostprocessing = 0;
		};
		E78FECA51B238178003AA4EB /* Sources */ = {
			isa = PBXSourcesBuildPhase;
			buildActionMask = 2147483647;
			files = (
				E78FECB01B238178003AA4EB /* NoteToSelf_cdilly_newTests.m in Sources */,
			);
			runOnlyForDeploymentPostprocessing = 0;
		};
/* End PBXSourcesBuildPhase section */

/* Begin PBXTargetDependency section */
		E78FECAB1B238178003AA4EB /* PBXTargetDependency */ = {
			isa = PBXTargetDependency;
			target = E78FEC8C1B238178003AA4EB /* NoteToSelf_cdilly_new */;
			targetProxy = E78FECAA1B238178003AA4EB /* PBXContainerItemProxy */;
		};
/* End PBXTargetDependency section */

/* Begin PBXVariantGroup section */
		E78FEC9D1B238178003AA4EB /* Main.storyboard */ = {
			isa = PBXVariantGroup;
			children = (
				E78FEC9E1B238178003AA4EB /* Base */,
			);
			name = Main.storyboard;
			sourceTree = "<group>";
		};
		E78FECA21B238178003AA4EB /* LaunchScreen.xib */ = {
			isa = PBXVariantGroup;
			children = (
				E78FECA31B238178003AA4EB /* Base */,
			);
			name = LaunchScreen.xib;
			sourceTree = "<group>";
		};
/* End PBXVariantGroup section */

/* Begin XCBuildConfiguration section */
		E78FECB11B238178003AA4EB /* Debug */ = {
			isa = XCBuildConfiguration;
			buildSettings = {
				ALWAYS_SEARCH_USER_PATHS = NO;
				CLANG_CXX_LANGUAGE_STANDARD = "gnu++0x";
				CLANG_CXX_LIBRARY = "libc++";
				CLANG_ENABLE_MODULES = YES;
				CLANG_ENABLE_OBJC_ARC = YES;
				CLANG_WARN_BOOL_CONVERSION = YES;
				CLANG_WARN_CONSTANT_CONVERSION = YES;
				CLANG_WARN_DIRECT_OBJC_ISA_USAGE = YES_ERROR;
				CLANG_WARN_EMPTY_BODY = YES;
				CLANG_WARN_ENUM_CONVERSION = YES;
				CLANG_WARN_INT_CONVERSION = YES;
				CLANG_WARN_OBJC_ROOT_CLASS = YES_ERROR;
				CLANG_WARN_UNREACHABLE_CODE = YES;
				CLANG_WARN__DUPLICATE_METHOD_MATCH = YES;
				"CODE_SIGN_IDENTITY[sdk=iphoneos*]" = "iPhone Developer";
				COPY_PHASE_STRIP = NO;
				DEBUG_INFORMATION_FORMAT = "dwarf-with-dsym";
				ENABLE_STRICT_OBJC_MSGSEND = YES;
				GCC_C_LANGUAGE_STANDARD = gnu99;
				GCC_DYNAMIC_NO_PIC = NO;
				GCC_NO_COMMON_BLOCKS = YES;
				GCC_OPTIMIZATION_LEVEL = 0;
				GCC_PREPROCESSOR_DEFINITIONS = (
					"DEBUG=1",
					"$(inherited)",
				);
				GCC_SYMBOLS_PRIVATE_EXTERN = NO;
				GCC_WARN_64_TO_32_BIT_CONVERSION = YES;
				GCC_WARN_ABOUT_RETURN_TYPE = YES_ERROR;
				GCC_WARN_UNDECLARED_SELECTOR = YES;
				GCC_WARN_UNINITIALIZED_AUTOS = YES_AGGRESSIVE;
				GCC_WARN_UNUSED_FUNCTION = YES;
				GCC_WARN_UNUSED_VARIABLE = YES;
				IPHONEOS_DEPLOYMENT_TARGET = 8.3;
				MTL_ENABLE_DEBUG_INFO = YES;
				ONLY_ACTIVE_ARCH = YES;
				SDKROOT = iphoneos;
			};
			name = Debug;
		};
		E78FECB21B238178003AA4EB /* Release */ = {
			isa = XCBuildConfiguration;
			buildSettings = {
				ALWAYS_SEARCH_USER_PATHS = NO;
				CLANG_CXX_LANGUAGE_STANDARD = "gnu++0x";
				CLANG_CXX_LIBRARY = "libc++";
				CLANG_ENABLE_MODULES = YES;
				CLANG_ENABLE_OBJC_ARC = YES;
				CLANG_WARN_BOOL_CONVERSION = YES;
				CLANG_WARN_CONSTANT_CONVERSION = YES;
				CLANG_WARN_DIRECT_OBJC_ISA_USAGE = YES_ERROR;
				CLANG_WARN_EMPTY_BODY = YES;
				CLANG_WARN_ENUM_CONVERSION = YES;
				CLANG_WARN_INT_CONVERSION = YES;
				CLANG_WARN_OBJC_ROOT_CLASS = YES_ERROR;
				CLANG_WARN_UNREACHABLE_CODE = YES;
				CLANG_WARN__DUPLICATE_METHOD_MATCH = YES;
				"CODE_SIGN_IDENTITY[sdk=iphoneos*]" = "iPhone Developer";
				COPY_PHASE_STRIP = NO;
				DEBUG_INFORMATION_FORMAT = "dwarf-with-dsym";
				ENABLE_NS_ASSERTIONS = NO;
				ENABLE_STRICT_OBJC_MSGSEND = YES;
				GCC_C_LANGUAGE_STANDARD = gnu99;
				GCC_NO_COMMON_BLOCKS = YES;
				GCC_WARN_64_TO_32_BIT_CONVERSION = YES;
				GCC_WARN_ABOUT_RETURN_TYPE = YES_ERROR;
				GCC_WARN_UNDECLARED_SELECTOR = YES;
				GCC_WARN_UNINITIALIZED_AUTOS = YES_AGGRESSIVE;
				GCC_WARN_UNUSED_FUNCTION = YES;
				GCC_WARN_UNUSED_VARIABLE = YES;
				IPHONEOS_DEPLOYMENT_TARGET = 8.3;
				MTL_ENABLE_DEBUG_INFO = NO;
				SDKROOT = iphoneos;
				VALIDATE_PRODUCT = YES;
			};
			name = Release;
		};
		E78FECB41B238178003AA4EB /* Debug */ = {
			isa = XCBuildConfiguration;
			buildSettings = {
				ASSETCATALOG_COMPILER_APPICON_NAME = AppIcon;
				INFOPLIST_FILE = NoteToSelf_cdilly_new/Info.plist;
				LD_RUNPATH_SEARCH_PATHS = "$(inherited) @executable_path/Frameworks";
				PRODUCT_NAME = "$(TARGET_NAME)";
			};
			name = Debug;
		};
		E78FECB51B238178003AA4EB /* Release */ = {
			isa = XCBuildConfiguration;
			buildSettings = {
				ASSETCATALOG_COMPILER_APPICON_NAME = AppIcon;
				INFOPLIST_FILE = NoteToSelf_cdilly_new/Info.plist;
				LD_RUNPATH_SEARCH_PATHS = "$(inherited) @executable_path/Frameworks";
				PRODUCT_NAME = "$(TARGET_NAME)";
			};
			name = Release;
		};
		E78FECB71B238178003AA4EB /* Debug */ = {
			isa = XCBuildConfiguration;
			buildSettings = {
				BUNDLE_LOADER = "$(TEST_HOST)";
				FRAMEWORK_SEARCH_PATHS = (
					"$(SDKROOT)/Developer/Library/Frameworks",
					"$(inherited)",
				);
				GCC_PREPROCESSOR_DEFINITIONS = (
					"DEBUG=1",
					"$(inherited)",
				);
				INFOPLIST_FILE = NoteToSelf_cdilly_newTests/Info.plist;
				LD_RUNPATH_SEARCH_PATHS = "$(inherited) @executable_path/Frameworks @loader_path/Frameworks";
				PRODUCT_NAME = "$(TARGET_NAME)";
				TEST_HOST = "$(BUILT_PRODUCTS_DIR)/NoteToSelf_cdilly_new.app/NoteToSelf_cdilly_new";
			};
			name = Debug;
		};
		E78FECB81B238178003AA4EB /* Release */ = {
			isa = XCBuildConfiguration;
			buildSettings = {
				BUNDLE_LOADER = "$(TEST_HOST)";
				FRAMEWORK_SEARCH_PATHS = (
					"$(SDKROOT)/Developer/Library/Frameworks",
					"$(inherited)",
				);
				INFOPLIST_FILE = NoteToSelf_cdilly_newTests/Info.plist;
				LD_RUNPATH_SEARCH_PATHS = "$(inherited) @executable_path/Frameworks @loader_path/Frameworks";
				PRODUCT_NAME = "$(TARGET_NAME)";
				TEST_HOST = "$(BUILT_PRODUCTS_DIR)/NoteToSelf_cdilly_new.app/NoteToSelf_cdilly_new";
			};
			name = Release;
		};
/* End XCBuildConfiguration section */

/* Begin XCConfigurationList section */
		E78FEC881B238178003AA4EB /* Build configuration list for PBXProject "NoteToSelf_cdilly_new" */ = {
			isa = XCConfigurationList;
			buildConfigurations = (
				E78FECB11B238178003AA4EB /* Debug */,
				E78FECB21B238178003AA4EB /* Release */,
			);
			defaultConfigurationIsVisible = 0;
			defaultConfigurationName = Release;
		};
		E78FECB31B238178003AA4EB /* Build configuration list for PBXNativeTarget "NoteToSelf_cdilly_new" */ = {
			isa = XCConfigurationList;
			buildConfigurations = (
				E78FECB41B238178003AA4EB /* Debug */,
				E78FECB51B238178003AA4EB /* Release */,
			);
			defaultConfigurationIsVisible = 0;
		};
		E78FECB61B238178003AA4EB /* Build configuration list for PBXNativeTarget "NoteToSelf_cdilly_newTests" */ = {
			isa = XCConfigurationList;
			buildConfigurations = (
				E78FECB71B238178003AA4EB /* Debug */,
				E78FECB81B238178003AA4EB /* Release */,
			);
			defaultConfigurationIsVisible = 0;
		};
/* End XCConfigurationList section */
	};
	rootObject = E78FEC851B238178003AA4EB /* Project object */;
}
